
Microsoft Visual Studio Solution File, Format Version 12.00
# Visual Studio Version 17
VisualStudioVersion = 17.2.32616.157
MinimumVisualStudioVersion = 10.0.40219.1
Project("{9A19103F-16F7-4668-BE54-9A1E7A4F7556}") = "TestMod", "TestMod.csproj", "{31BDB4F5-ACD0-4AD6-BF6B-EE8F57644089}"
EndProject
Global
	GlobalSection(SolutionConfigurationPlatforms) = preSolution
		Debug|Any CPU = Debug|Any CPU
		Release|Any CPU = Release|Any CPU
	EndGlobalSection
	GlobalSection(ProjectConfigurationPlatforms) = postSolution
		{31BDB4F5-ACD0-4AD6-BF6B-EE8F57644089}.Debug|Any CPU.ActiveCfg = Debug|Any CPU
		{31BDB4F5-ACD0-4AD6-BF6B-EE8F57644089}.Debug|Any CPU.Build.0 = Debug|Any CPU
		{31BDB4F5-ACD0-4AD6-BF6B-EE8F57644089}.Release|Any CPU.ActiveCfg = Release|Any CPU
		{31BDB4F5-ACD0-4AD6-BF6B-EE8F57644089}.Release|Any CPU.Build.0 = Release|Any CPU
	EndGlobalSection
	GlobalSection(SolutionProperties) = preSolution
		HideSolutionNode = FALSE
	EndGlobalSection
	GlobalSection(ExtensibilityGlobals) = postSolution
		SolutionGuid = {C9D2C710-EB6C-41BF-A7A8-B7A6A5696311}
	EndGlobalSection
EndGlobal
